
Microsoft Visual Studio Solution File, Format Version 12.00
# Visual Studio 15
VisualStudioVersion = 15.0.26730.15
MinimumVisualStudioVersion = 10.0.40219.1
Project("{FAE04EC0-301F-11D3-BF4B-00C04F79EFBC}") = "consoleApp1", "consoleApp1\consoleApp1.csproj", "{90AC52EF-B807-4EB6-8376-C69A7429F249}"
EndProject
Global
	GlobalSection(SolutionConfigurationPlatforms) = preSolution
		Debug|Any CPU = Debug|Any CPU
		Release|Any CPU = Release|Any CPU
	EndGlobalSection
	GlobalSection(ProjectConfigurationPlatforms) = postSolution
		{90AC52EF-B807-4EB6-8376-C69A7429F249}.Debug|Any CPU.ActiveCfg = Debug|Any CPU
		{90AC52EF-B807-4EB6-8376-C69A7429F249}.Debug|Any CPU.Build.0 = Debug|Any CPU
		{90AC52EF-B807-4EB6-8376-C69A7429F249}.Release|Any CPU.ActiveCfg = Release|Any CPU
		{90AC52EF-B807-4EB6-8376-C69A7429F249}.Release|Any CPU.Build.0 = Release|Any CPU
	EndGlobalSection
	GlobalSection(SolutionProperties) = preSolution
		HideSolutionNode = FALSE
	EndGlobalSection
	GlobalSection(ExtensibilityGlobals) = postSolution
		SolutionGuid = {B9601498-255C-4B8C-9944-6FCEC2777A8A}
	EndGlobalSection
EndGlobal
